{
    "_readme": [
        "This file locks the dependencies of your project to a known state",
        "Read more about it at http://getcomposer.org/doc/01-basic-usage.md#composer-lock-the-lock-file",
        "This file is @generated automatically"
    ],
    "hash": "4022a4d384dba63db7a7278ec595b528",
    "packages": [
        {
            "name": "netresearch/composer-patches-plugin",
            "version": "1.0.1",
            "source": {
                "type": "git",
                "url": "https://github.com/netresearch/composer-patches-plugin.git",
                "reference": "41798117c1e5ff66ac696628bce4696115a965e1"
            },
            "dist": {
                "type": "zip",
                "url": "https://api.github.com/repos/netresearch/composer-patches-plugin/zipball/41798117c1e5ff66ac696628bce4696115a965e1",
                "reference": "41798117c1e5ff66ac696628bce4696115a965e1",
                "shasum": ""
            },
            "require": {
                "composer-plugin-api": "1.0.0"
            },
            "require-dev": {
                "composer/composer": "1.*"
            },
            "type": "composer-plugin",
            "extra": {
                "class": "Netresearch\\Composer\\Patches\\Plugin",
                "branch-alias": {
                    "dev-master": "1.0.x-dev"
                }
            },
            "autoload": {
                "psr-0": {
                    "": "src/"
                }
            },
            "notification-url": "https://packagist.org/downloads/",
            "license": [
                "GPL-2.0"
            ],
            "authors": [
                {
                    "name": "Christian Opitz",
                    "email": "christian.opitz@netresearch.de"
                }
            ],
            "description": "Composer patches plugin",
            "keywords": [
                "composer",
                "patches",
                "plugin"
            ],
            "time": "2014-05-12 11:29:27"
        }
    ],
    "packages-dev": [],
    "aliases": [],
    "minimum-stability": "stable",
    "stability-flags": [],
    "prefer-stable": false,
    "prefer-lowest": false,
    "platform": [],
    "platform-dev": []
}
